
Microsoft Visual Studio Solution File, Format Version 12.00
# Visual Studio Version 17
VisualStudioVersion = 17.0.32112.339
MinimumVisualStudioVersion = 10.0.40219.1
Project("{2150E333-8FDC-42A3-9474-1A3956D46DE8}") = "Solution Items", "Solution Items", "{0A938C8B-5134-4557-8E2D-C74E47187252}"
	ProjectSection(SolutionItems) = preProject
		nanoframework.System.Net.Sockets.UdpClient.nuspec = nanoframework.System.Net.Sockets.UdpClient.nuspec
		README.md = README.md
	EndProjectSection
EndProject
Project("{11A8DD76-328B-46DF-9F39-F559912D0360}") = "nanoFramework.System.Net.Sockets.UdpClient", "nanoframework.System.Net.Sockets.UdpClient\nanoFramework.System.Net.Sockets.UdpClient.nfproj", "{70D1D03C-8F65-44B8-8759-0AD9EA966AF1}"
EndProject
Global
	GlobalSection(SolutionConfigurationPlatforms) = preSolution
		Debug|Any CPU = Debug|Any CPU
		Release|Any CPU = Release|Any CPU
	EndGlobalSection
	GlobalSection(ProjectConfigurationPlatforms) = postSolution
		{70D1D03C-8F65-44B8-8759-0AD9EA966AF1}.Debug|Any CPU.ActiveCfg = Debug|Any CPU
		{70D1D03C-8F65-44B8-8759-0AD9EA966AF1}.Debug|Any CPU.Build.0 = Debug|Any CPU
		{70D1D03C-8F65-44B8-8759-0AD9EA966AF1}.Debug|Any CPU.Deploy.0 = Debug|Any CPU
		{70D1D03C-8F65-44B8-8759-0AD9EA966AF1}.Release|Any CPU.ActiveCfg = Release|Any CPU
		{70D1D03C-8F65-44B8-8759-0AD9EA966AF1}.Release|Any CPU.Build.0 = Release|Any CPU
		{70D1D03C-8F65-44B8-8759-0AD9EA966AF1}.Release|Any CPU.Deploy.0 = Release|Any CPU
	EndGlobalSection
	GlobalSection(SolutionProperties) = preSolution
		HideSolutionNode = FALSE
	EndGlobalSection
	GlobalSection(ExtensibilityGlobals) = postSolution
		SolutionGuid = {C9BC1A0E-54AE-494F-AEA0-1314F0FAB0B7}
	EndGlobalSection
EndGlobal
